
Microsoft Visual Studio Solution File, Format Version 12.00
# Visual Studio Version 17
VisualStudioVersion = 17.13.35931.197 d17.13
MinimumVisualStudioVersion = 10.0.40219.1
Project("{FAE04EC0-301F-11D3-BF4B-00C04F79EFBC}") = "SetupAPIHelper", "SetupAPI\SetupAPIHelper.csproj", "{17AE24EE-40AA-4C91-A8C1-E289516EFCB0}"
EndProject
Global
	GlobalSection(SolutionConfigurationPlatforms) = preSolution
		Debug|Any CPU = Debug|Any CPU
		Debug|x64 = Debug|x64
		Release|Any CPU = Release|Any CPU
		Release|x64 = Release|x64
	EndGlobalSection
	GlobalSection(ProjectConfigurationPlatforms) = postSolution
		{17AE24EE-40AA-4C91-A8C1-E289516EFCB0}.Debug|Any CPU.ActiveCfg = Debug|Any CPU
		{17AE24EE-40AA-4C91-A8C1-E289516EFCB0}.Debug|Any CPU.Build.0 = Debug|Any CPU
		{17AE24EE-40AA-4C91-A8C1-E289516EFCB0}.Debug|x64.ActiveCfg = Debug|x64
		{17AE24EE-40AA-4C91-A8C1-E289516EFCB0}.Debug|x64.Build.0 = Debug|x64
		{17AE24EE-40AA-4C91-A8C1-E289516EFCB0}.Release|Any CPU.ActiveCfg = Release|Any CPU
		{17AE24EE-40AA-4C91-A8C1-E289516EFCB0}.Release|Any CPU.Build.0 = Release|Any CPU
		{17AE24EE-40AA-4C91-A8C1-E289516EFCB0}.Release|x64.ActiveCfg = Release|x64
		{17AE24EE-40AA-4C91-A8C1-E289516EFCB0}.Release|x64.Build.0 = Release|x64
	EndGlobalSection
	GlobalSection(SolutionProperties) = preSolution
		HideSolutionNode = FALSE
	EndGlobalSection
	GlobalSection(ExtensibilityGlobals) = postSolution
		SolutionGuid = {22A8F6EF-6E5C-4123-B15A-65DCF1582F9A}
	EndGlobalSection
EndGlobal
